
Microsoft Visual Studio Solution File, Format Version 12.00
# Visual Studio 15
VisualStudioVersion = 15.0.26730.12
MinimumVisualStudioVersion = 10.0.40219.1
Project("{FAE04EC0-301F-11D3-BF4B-00C04F79EFBC}") = "Harpoon.Core", "Harpoon.Core\Harpoon.Core.csproj", "{883C4B5B-DF41-49BD-8EFE-567F1DBD793D}"
EndProject
Project("{8BC9CEB8-8B4A-11D0-8D11-00A0C91BC942}") = "Harpoon", "Harpoon\Harpoon.vcxproj", "{EE7961DB-2CBE-450B-9484-899FACB8CD1F}"
	ProjectSection(ProjectDependencies) = postProject
		{7C2542CD-FFB7-4CB6-A94D-A2EF606EF4BE} = {7C2542CD-FFB7-4CB6-A94D-A2EF606EF4BE}
	EndProjectSection
EndProject
Project("{8BC9CEB8-8B4A-11D0-8D11-00A0C91BC942}") = "InfiCell", "InfiCell\InfiCell.vcxproj", "{70BF1443-C3DC-401C-96EC-8AA04C453EB2}"
	ProjectSection(ProjectDependencies) = postProject
		{ECA5BA8F-C9B2-4BA7-BA79-5854F5C7DB04} = {ECA5BA8F-C9B2-4BA7-BA79-5854F5C7DB04}
		{EE7961DB-2CBE-450B-9484-899FACB8CD1F} = {EE7961DB-2CBE-450B-9484-899FACB8CD1F}
	EndProjectSection
EndProject
Project("{8BC9CEB8-8B4A-11D0-8D11-00A0C91BC942}") = "HarpoonLoader", "HarpoonLoader\HarpoonLoader.vcxproj", "{7C2542CD-FFB7-4CB6-A94D-A2EF606EF4BE}"
	ProjectSection(ProjectDependencies) = postProject
		{883C4B5B-DF41-49BD-8EFE-567F1DBD793D} = {883C4B5B-DF41-49BD-8EFE-567F1DBD793D}
	EndProjectSection
EndProject
Project("{2150E333-8FDC-42A3-9474-1A3956D46DE8}") = "Hp", "Hp", "{A1ACAA77-8AB7-4654-B521-77CE4CFA292C}"
EndProject
Project("{2150E333-8FDC-42A3-9474-1A3956D46DE8}") = "InfiCell", "InfiCell", "{8A584938-0CBB-4A41-A776-9032077AACFD}"
EndProject
Project("{FAE04EC0-301F-11D3-BF4B-00C04F79EFBC}") = "InfiCell.Core", "InfiCell.Core\InfiCell.Core.csproj", "{ECA5BA8F-C9B2-4BA7-BA79-5854F5C7DB04}"
EndProject
Project("{2150E333-8FDC-42A3-9474-1A3956D46DE8}") = "Deps", "Deps", "{2A26E898-73B7-4227-AFA2-A59B0C7FB27B}"
EndProject
Project("{9A19103F-16F7-4668-BE54-9A1E7A4F7556}") = "Harmony", "Harmony\Harmony.csproj", "{165CCA93-C1A1-442B-BCBB-957BD964DB05}"
EndProject
Global
	GlobalSection(SolutionConfigurationPlatforms) = preSolution
		Debug|Any CPU = Debug|Any CPU
		Debug|x64 = Debug|x64
		Debug|x86 = Debug|x86
		Release|Any CPU = Release|Any CPU
		Release|x64 = Release|x64
		Release|x86 = Release|x86
	EndGlobalSection
	GlobalSection(ProjectConfigurationPlatforms) = postSolution
		{883C4B5B-DF41-49BD-8EFE-567F1DBD793D}.Debug|Any CPU.ActiveCfg = Debug|Any CPU
		{883C4B5B-DF41-49BD-8EFE-567F1DBD793D}.Debug|Any CPU.Build.0 = Debug|Any CPU
		{883C4B5B-DF41-49BD-8EFE-567F1DBD793D}.Debug|x64.ActiveCfg = Debug|Any CPU
		{883C4B5B-DF41-49BD-8EFE-567F1DBD793D}.Debug|x64.Build.0 = Debug|Any CPU
		{883C4B5B-DF41-49BD-8EFE-567F1DBD793D}.Debug|x86.ActiveCfg = Debug|Any CPU
		{883C4B5B-DF41-49BD-8EFE-567F1DBD793D}.Debug|x86.Build.0 = Debug|Any CPU
		{883C4B5B-DF41-49BD-8EFE-567F1DBD793D}.Release|Any CPU.ActiveCfg = Release|Any CPU
		{883C4B5B-DF41-49BD-8EFE-567F1DBD793D}.Release|Any CPU.Build.0 = Release|Any CPU
		{883C4B5B-DF41-49BD-8EFE-567F1DBD793D}.Release|x64.ActiveCfg = Release|Any CPU
		{883C4B5B-DF41-49BD-8EFE-567F1DBD793D}.Release|x64.Build.0 = Release|Any CPU
		{883C4B5B-DF41-49BD-8EFE-567F1DBD793D}.Release|x86.ActiveCfg = Release|Any CPU
		{883C4B5B-DF41-49BD-8EFE-567F1DBD793D}.Release|x86.Build.0 = Release|Any CPU
		{EE7961DB-2CBE-450B-9484-899FACB8CD1F}.Debug|Any CPU.ActiveCfg = Debug|Win32
		{EE7961DB-2CBE-450B-9484-899FACB8CD1F}.Debug|x64.ActiveCfg = Debug|x64
		{EE7961DB-2CBE-450B-9484-899FACB8CD1F}.Debug|x64.Build.0 = Debug|x64
		{EE7961DB-2CBE-450B-9484-899FACB8CD1F}.Debug|x86.ActiveCfg = Debug|Win32
		{EE7961DB-2CBE-450B-9484-899FACB8CD1F}.Debug|x86.Build.0 = Debug|Win32
		{EE7961DB-2CBE-450B-9484-899FACB8CD1F}.Release|Any CPU.ActiveCfg = Release|Win32
		{EE7961DB-2CBE-450B-9484-899FACB8CD1F}.Release|x64.ActiveCfg = Release|x64
		{EE7961DB-2CBE-450B-9484-899FACB8CD1F}.Release|x64.Build.0 = Release|x64
		{EE7961DB-2CBE-450B-9484-899FACB8CD1F}.Release|x86.ActiveCfg = Release|Win32
		{EE7961DB-2CBE-450B-9484-899FACB8CD1F}.Release|x86.Build.0 = Release|Win32
		{70BF1443-C3DC-401C-96EC-8AA04C453EB2}.Debug|Any CPU.ActiveCfg = Debug|Win32
		{70BF1443-C3DC-401C-96EC-8AA04C453EB2}.Debug|x64.ActiveCfg = Debug|x64
		{70BF1443-C3DC-401C-96EC-8AA04C453EB2}.Debug|x64.Build.0 = Debug|x64
		{70BF1443-C3DC-401C-96EC-8AA04C453EB2}.Debug|x86.ActiveCfg = Debug|Win32
		{70BF1443-C3DC-401C-96EC-8AA04C453EB2}.Debug|x86.Build.0 = Debug|Win32
		{70BF1443-C3DC-401C-96EC-8AA04C453EB2}.Release|Any CPU.ActiveCfg = Release|Win32
		{70BF1443-C3DC-401C-96EC-8AA04C453EB2}.Release|x64.ActiveCfg = Release|x64
		{70BF1443-C3DC-401C-96EC-8AA04C453EB2}.Release|x64.Build.0 = Release|x64
		{70BF1443-C3DC-401C-96EC-8AA04C453EB2}.Release|x86.ActiveCfg = Release|Win32
		{70BF1443-C3DC-401C-96EC-8AA04C453EB2}.Release|x86.Build.0 = Release|Win32
		{7C2542CD-FFB7-4CB6-A94D-A2EF606EF4BE}.Debug|Any CPU.ActiveCfg = Debug|Win32
		{7C2542CD-FFB7-4CB6-A94D-A2EF606EF4BE}.Debug|x64.ActiveCfg = Debug|x64
		{7C2542CD-FFB7-4CB6-A94D-A2EF606EF4BE}.Debug|x64.Build.0 = Debug|x64
		{7C2542CD-FFB7-4CB6-A94D-A2EF606EF4BE}.Debug|x86.ActiveCfg = Debug|Win32
		{7C2542CD-FFB7-4CB6-A94D-A2EF606EF4BE}.Debug|x86.Build.0 = Debug|Win32
		{7C2542CD-FFB7-4CB6-A94D-A2EF606EF4BE}.Release|Any CPU.ActiveCfg = Release|Win32
		{7C2542CD-FFB7-4CB6-A94D-A2EF606EF4BE}.Release|x64.ActiveCfg = Release|x64
		{7C2542CD-FFB7-4CB6-A94D-A2EF606EF4BE}.Release|x64.Build.0 = Release|x64
		{7C2542CD-FFB7-4CB6-A94D-A2EF606EF4BE}.Release|x86.ActiveCfg = Release|Win32
		{7C2542CD-FFB7-4CB6-A94D-A2EF606EF4BE}.Release|x86.Build.0 = Release|Win32
		{ECA5BA8F-C9B2-4BA7-BA79-5854F5C7DB04}.Debug|Any CPU.ActiveCfg = Debug|Any CPU
		{ECA5BA8F-C9B2-4BA7-BA79-5854F5C7DB04}.Debug|Any CPU.Build.0 = Debug|Any CPU
		{ECA5BA8F-C9B2-4BA7-BA79-5854F5C7DB04}.Debug|x64.ActiveCfg = Debug|Any CPU
		{ECA5BA8F-C9B2-4BA7-BA79-5854F5C7DB04}.Debug|x64.Build.0 = Debug|Any CPU
		{ECA5BA8F-C9B2-4BA7-BA79-5854F5C7DB04}.Debug|x86.ActiveCfg = Debug|Any CPU
		{ECA5BA8F-C9B2-4BA7-BA79-5854F5C7DB04}.Debug|x86.Build.0 = Debug|Any CPU
		{ECA5BA8F-C9B2-4BA7-BA79-5854F5C7DB04}.Release|Any CPU.ActiveCfg = Release|Any CPU
		{ECA5BA8F-C9B2-4BA7-BA79-5854F5C7DB04}.Release|Any CPU.Build.0 = Release|Any CPU
		{ECA5BA8F-C9B2-4BA7-BA79-5854F5C7DB04}.Release|x64.ActiveCfg = Release|Any CPU
		{ECA5BA8F-C9B2-4BA7-BA79-5854F5C7DB04}.Release|x64.Build.0 = Release|Any CPU
		{ECA5BA8F-C9B2-4BA7-BA79-5854F5C7DB04}.Release|x86.ActiveCfg = Release|Any CPU
		{ECA5BA8F-C9B2-4BA7-BA79-5854F5C7DB04}.Release|x86.Build.0 = Release|Any CPU
		{165CCA93-C1A1-442B-BCBB-957BD964DB05}.Debug|Any CPU.ActiveCfg = Debug|Any CPU
		{165CCA93-C1A1-442B-BCBB-957BD964DB05}.Debug|Any CPU.Build.0 = Debug|Any CPU
		{165CCA93-C1A1-442B-BCBB-957BD964DB05}.Debug|x64.ActiveCfg = Debug|Any CPU
		{165CCA93-C1A1-442B-BCBB-957BD964DB05}.Debug|x64.Build.0 = Debug|Any CPU
		{165CCA93-C1A1-442B-BCBB-957BD964DB05}.Debug|x86.ActiveCfg = Debug|Any CPU
		{165CCA93-C1A1-442B-BCBB-957BD964DB05}.Debug|x86.Build.0 = Debug|Any CPU
		{165CCA93-C1A1-442B-BCBB-957BD964DB05}.Release|Any CPU.ActiveCfg = Release|Any CPU
		{165CCA93-C1A1-442B-BCBB-957BD964DB05}.Release|Any CPU.Build.0 = Release|Any CPU
		{165CCA93-C1A1-442B-BCBB-957BD964DB05}.Release|x64.ActiveCfg = Release|Any CPU
		{165CCA93-C1A1-442B-BCBB-957BD964DB05}.Release|x64.Build.0 = Release|Any CPU
		{165CCA93-C1A1-442B-BCBB-957BD964DB05}.Release|x86.ActiveCfg = Release|Any CPU
		{165CCA93-C1A1-442B-BCBB-957BD964DB05}.Release|x86.Build.0 = Release|Any CPU
	EndGlobalSection
	GlobalSection(SolutionProperties) = preSolution
		HideSolutionNode = FALSE
	EndGlobalSection
	GlobalSection(NestedProjects) = preSolution
		{883C4B5B-DF41-49BD-8EFE-567F1DBD793D} = {A1ACAA77-8AB7-4654-B521-77CE4CFA292C}
		{EE7961DB-2CBE-450B-9484-899FACB8CD1F} = {A1ACAA77-8AB7-4654-B521-77CE4CFA292C}
		{70BF1443-C3DC-401C-96EC-8AA04C453EB2} = {8A584938-0CBB-4A41-A776-9032077AACFD}
		{7C2542CD-FFB7-4CB6-A94D-A2EF606EF4BE} = {A1ACAA77-8AB7-4654-B521-77CE4CFA292C}
		{ECA5BA8F-C9B2-4BA7-BA79-5854F5C7DB04} = {8A584938-0CBB-4A41-A776-9032077AACFD}
		{165CCA93-C1A1-442B-BCBB-957BD964DB05} = {2A26E898-73B7-4227-AFA2-A59B0C7FB27B}
	EndGlobalSection
	GlobalSection(ExtensibilityGlobals) = postSolution
		SolutionGuid = {3B8EC560-4A87-4159-92C2-66F3A471E8B4}
	EndGlobalSection
EndGlobal
